
Microsoft Visual Studio Solution File, Format Version 12.00
# Visual Studio Version 17
VisualStudioVersion = 17.8.34511.84
MinimumVisualStudioVersion = 10.0.40219.1
Project("{9A19103F-16F7-4668-BE54-9A1E7A4F7556}") = "BibGen.App", "BibGen.App\BibGen.App.csproj", "{D6A55EFC-FAD0-47C5-9849-3CE20572A8B2}"
EndProject
Project("{9A19103F-16F7-4668-BE54-9A1E7A4F7556}") = "BibGen.Svc", "BibGen.Svc\BibGen.Svc.csproj", "{23011A43-CB9F-48A9-A28E-0FCAB4100DF8}"
EndProject
Project("{2150E333-8FDC-42A3-9474-1A3956D46DE8}") = "Solution Items", "Solution Items", "{E65F882D-C850-47FE-989A-7C9AB4F73551}"
	ProjectSection(SolutionItems) = preProject
		readme.md = readme.md
	EndProjectSection
EndProject
Global
	GlobalSection(SolutionConfigurationPlatforms) = preSolution
		Debug|Any CPU = Debug|Any CPU
		Release|Any CPU = Release|Any CPU
	EndGlobalSection
	GlobalSection(ProjectConfigurationPlatforms) = postSolution
		{D6A55EFC-FAD0-47C5-9849-3CE20572A8B2}.Debug|Any CPU.ActiveCfg = Debug|Any CPU
		{D6A55EFC-FAD0-47C5-9849-3CE20572A8B2}.Debug|Any CPU.Build.0 = Debug|Any CPU
		{D6A55EFC-FAD0-47C5-9849-3CE20572A8B2}.Release|Any CPU.ActiveCfg = Release|Any CPU
		{D6A55EFC-FAD0-47C5-9849-3CE20572A8B2}.Release|Any CPU.Build.0 = Release|Any CPU
		{23011A43-CB9F-48A9-A28E-0FCAB4100DF8}.Debug|Any CPU.ActiveCfg = Debug|Any CPU
		{23011A43-CB9F-48A9-A28E-0FCAB4100DF8}.Debug|Any CPU.Build.0 = Debug|Any CPU
		{23011A43-CB9F-48A9-A28E-0FCAB4100DF8}.Release|Any CPU.ActiveCfg = Release|Any CPU
		{23011A43-CB9F-48A9-A28E-0FCAB4100DF8}.Release|Any CPU.Build.0 = Release|Any CPU
	EndGlobalSection
	GlobalSection(SolutionProperties) = preSolution
		HideSolutionNode = FALSE
	EndGlobalSection
	GlobalSection(ExtensibilityGlobals) = postSolution
		SolutionGuid = {33B0A963-C253-4004-89BA-0A2432414AC6}
	EndGlobalSection
EndGlobal
